
Microsoft Visual Studio Solution File, Format Version 12.00
# Visual Studio 2013
VisualStudioVersion = 12.0.21005.1
MinimumVisualStudioVersion = 10.0.40219.1
Project("{8BC9CEB8-8B4A-11D0-8D11-00A0C91BC942}") = "2390", "2390\2390.vcxproj", "{00BB28FA-F668-4B9B-A459-2B7FDAA340DE}"
EndProject
Global
	GlobalSection(SolutionConfigurationPlatforms) = preSolution
		Debug|Win32 = Debug|Win32
		Release|Win32 = Release|Win32
	EndGlobalSection
	GlobalSection(ProjectConfigurationPlatforms) = postSolution
		{00BB28FA-F668-4B9B-A459-2B7FDAA340DE}.Debug|Win32.ActiveCfg = Debug|Win32
		{00BB28FA-F668-4B9B-A459-2B7FDAA340DE}.Debug|Win32.Build.0 = Debug|Win32
		{00BB28FA-F668-4B9B-A459-2B7FDAA340DE}.Release|Win32.ActiveCfg = Release|Win32
		{00BB28FA-F668-4B9B-A459-2B7FDAA340DE}.Release|Win32.Build.0 = Release|Win32
	EndGlobalSection
	GlobalSection(SolutionProperties) = preSolution
		HideSolutionNode = FALSE
	EndGlobalSection
EndGlobal
